
Microsoft Visual Studio Solution File, Format Version 12.00
# Visual Studio Version 16
VisualStudioVersion = 16.0.31911.196
MinimumVisualStudioVersion = 10.0.40219.1
Project("{FAE04EC0-301F-11D3-BF4B-00C04F79EFBC}") = "LabGit", "LabGit.csproj", "{EC69900B-0D28-4A98-86D6-FE028AC88906}"
EndProject
Global
	GlobalSection(SolutionConfigurationPlatforms) = preSolution
		Debug|Any CPU = Debug|Any CPU
		Release|Any CPU = Release|Any CPU
	EndGlobalSection
	GlobalSection(ProjectConfigurationPlatforms) = postSolution
		{EC69900B-0D28-4A98-86D6-FE028AC88906}.Debug|Any CPU.ActiveCfg = Debug|Any CPU
		{EC69900B-0D28-4A98-86D6-FE028AC88906}.Debug|Any CPU.Build.0 = Debug|Any CPU
		{EC69900B-0D28-4A98-86D6-FE028AC88906}.Release|Any CPU.ActiveCfg = Release|Any CPU
		{EC69900B-0D28-4A98-86D6-FE028AC88906}.Release|Any CPU.Build.0 = Release|Any CPU
	EndGlobalSection
	GlobalSection(SolutionProperties) = preSolution
		HideSolutionNode = FALSE
	EndGlobalSection
	GlobalSection(ExtensibilityGlobals) = postSolution
		SolutionGuid = {1301A357-4F9A-4E02-B281-5BF82DFD8413}
	EndGlobalSection
EndGlobal
